
Microsoft Visual Studio Solution File, Format Version 12.00
# Visual Studio Version 17
VisualStudioVersion = 17.11.35312.102
MinimumVisualStudioVersion = 10.0.40219.1
Project("{FAE04EC0-301F-11D3-BF4B-00C04F79EFBC}") = "Numtowords", "Numtowords\Numtowords.csproj", "{B49B76C2-4E3A-408E-8869-892558EF56E3}"
EndProject
Global
	GlobalSection(SolutionConfigurationPlatforms) = preSolution
		Debug|Any CPU = Debug|Any CPU
		Release|Any CPU = Release|Any CPU
	EndGlobalSection
	GlobalSection(ProjectConfigurationPlatforms) = postSolution
		{B49B76C2-4E3A-408E-8869-892558EF56E3}.Debug|Any CPU.ActiveCfg = Debug|Any CPU
		{B49B76C2-4E3A-408E-8869-892558EF56E3}.Debug|Any CPU.Build.0 = Debug|Any CPU
		{B49B76C2-4E3A-408E-8869-892558EF56E3}.Release|Any CPU.ActiveCfg = Release|Any CPU
		{B49B76C2-4E3A-408E-8869-892558EF56E3}.Release|Any CPU.Build.0 = Release|Any CPU
	EndGlobalSection
	GlobalSection(SolutionProperties) = preSolution
		HideSolutionNode = FALSE
	EndGlobalSection
	GlobalSection(ExtensibilityGlobals) = postSolution
		SolutionGuid = {B3D4B201-9687-4270-A03C-7B78E53E1A46}
	EndGlobalSection
EndGlobal
